
Microsoft Visual Studio Solution File, Format Version 12.00
# Visual Studio 2013
# UnrealEngineGeneratedSolutionVersion=1.0
Project("{2150E333-8FDC-42A3-9474-1A3956D46DE8}") = "Engine", "Engine", "{EE4A4CBC-38EB-4D6A-B137-9B6AF7A5B6BD}"
EndProject
Project("{2150E333-8FDC-42A3-9474-1A3956D46DE8}") = "Games", "Games", "{713FE21E-2259-415E-9C5A-20459625CF0F}"
EndProject
Project("{8BC9CEB8-8B4A-11D0-8D11-00A0C91BC942}") = "GameJamGame", "Intermediate\ProjectFiles\GameJamGame.vcxproj", "{59579F3B-EFC9-4713-BCB1-BA401D749074}"
EndProject
Project("{8BC9CEB8-8B4A-11D0-8D11-00A0C91BC942}") = "UE4", "Intermediate\ProjectFiles\UE4.vcxproj", "{00A5AE43-E988-4560-8C7E-093D49DFA32D}"
EndProject
Global
	GlobalSection(SolutionConfigurationPlatforms) = preSolution
		DebugGame Editor|Win32 = DebugGame Editor|Win32
		DebugGame Editor|Win64 = DebugGame Editor|Win64
		DebugGame|Win32 = DebugGame|Win32
		DebugGame|Win64 = DebugGame|Win64
		Development Editor|Win32 = Development Editor|Win32
		Development Editor|Win64 = Development Editor|Win64
		Development|Win32 = Development|Win32
		Development|Win64 = Development|Win64
		Shipping|Win32 = Shipping|Win32
		Shipping|Win64 = Shipping|Win64
	EndGlobalSection
	GlobalSection(ProjectConfigurationPlatforms) = postSolution
		{59579F3B-EFC9-4713-BCB1-BA401D749074}.DebugGame Editor|Win32.ActiveCfg = DebugGame_Editor|Win32
		{59579F3B-EFC9-4713-BCB1-BA401D749074}.DebugGame Editor|Win32.Build.0 = DebugGame_Editor|Win32
		{59579F3B-EFC9-4713-BCB1-BA401D749074}.DebugGame Editor|Win64.ActiveCfg = DebugGame_Editor|x64
		{59579F3B-EFC9-4713-BCB1-BA401D749074}.DebugGame Editor|Win64.Build.0 = DebugGame_Editor|x64
		{59579F3B-EFC9-4713-BCB1-BA401D749074}.DebugGame|Win32.ActiveCfg = DebugGame_Game|Win32
		{59579F3B-EFC9-4713-BCB1-BA401D749074}.DebugGame|Win32.Build.0 = DebugGame_Game|Win32
		{59579F3B-EFC9-4713-BCB1-BA401D749074}.DebugGame|Win64.ActiveCfg = DebugGame_Game|x64
		{59579F3B-EFC9-4713-BCB1-BA401D749074}.DebugGame|Win64.Build.0 = DebugGame_Game|x64
		{59579F3B-EFC9-4713-BCB1-BA401D749074}.Development Editor|Win32.ActiveCfg = Development_Editor|Win32
		{59579F3B-EFC9-4713-BCB1-BA401D749074}.Development Editor|Win32.Build.0 = Development_Editor|Win32
		{59579F3B-EFC9-4713-BCB1-BA401D749074}.Development Editor|Win64.ActiveCfg = Development_Editor|x64
		{59579F3B-EFC9-4713-BCB1-BA401D749074}.Development Editor|Win64.Build.0 = Development_Editor|x64
		{59579F3B-EFC9-4713-BCB1-BA401D749074}.Development|Win32.ActiveCfg = Development_Game|Win32
		{59579F3B-EFC9-4713-BCB1-BA401D749074}.Development|Win32.Build.0 = Development_Game|Win32
		{59579F3B-EFC9-4713-BCB1-BA401D749074}.Development|Win64.ActiveCfg = Development_Game|x64
		{59579F3B-EFC9-4713-BCB1-BA401D749074}.Development|Win64.Build.0 = Development_Game|x64
		{59579F3B-EFC9-4713-BCB1-BA401D749074}.Shipping|Win32.ActiveCfg = Shipping_Game|Win32
		{59579F3B-EFC9-4713-BCB1-BA401D749074}.Shipping|Win32.Build.0 = Shipping_Game|Win32
		{59579F3B-EFC9-4713-BCB1-BA401D749074}.Shipping|Win64.ActiveCfg = Shipping_Game|x64
		{59579F3B-EFC9-4713-BCB1-BA401D749074}.Shipping|Win64.Build.0 = Shipping_Game|x64
	EndGlobalSection
	GlobalSection(SolutionProperties) = preSolution
		HideSolutionNode = FALSE
	EndGlobalSection
	GlobalSection(NestedProjects) = preSolution
		{00A5AE43-E988-4560-8C7E-093D49DFA32D} = {EE4A4CBC-38EB-4D6A-B137-9B6AF7A5B6BD}
		{59579F3B-EFC9-4713-BCB1-BA401D749074} = {713FE21E-2259-415E-9C5A-20459625CF0F}
	EndGlobalSection
EndGlobal
